
Microsoft Visual Studio Solution File, Format Version 12.00
# Visual Studio Version 17
VisualStudioVersion = 17.7.34202.233
MinimumVisualStudioVersion = 10.0.40219.1
Project("{8BC9CEB8-8B4A-11D0-8D11-00A0C91BC942}") = "Учет финансов в банке", "Учет финансов в банке\Учет финансов в банке.vcxproj", "{6D14902A-A10D-4A97-9461-E2E71BBB8554}"
EndProject
Global
	GlobalSection(SolutionConfigurationPlatforms) = preSolution
		Debug|x64 = Debug|x64
		Debug|x86 = Debug|x86
		Release|x64 = Release|x64
		Release|x86 = Release|x86
	EndGlobalSection
	GlobalSection(ProjectConfigurationPlatforms) = postSolution
		{6D14902A-A10D-4A97-9461-E2E71BBB8554}.Debug|x64.ActiveCfg = Debug|x64
		{6D14902A-A10D-4A97-9461-E2E71BBB8554}.Debug|x64.Build.0 = Debug|x64
		{6D14902A-A10D-4A97-9461-E2E71BBB8554}.Debug|x86.ActiveCfg = Debug|Win32
		{6D14902A-A10D-4A97-9461-E2E71BBB8554}.Debug|x86.Build.0 = Debug|Win32
		{6D14902A-A10D-4A97-9461-E2E71BBB8554}.Release|x64.ActiveCfg = Release|x64
		{6D14902A-A10D-4A97-9461-E2E71BBB8554}.Release|x64.Build.0 = Release|x64
		{6D14902A-A10D-4A97-9461-E2E71BBB8554}.Release|x86.ActiveCfg = Release|Win32
		{6D14902A-A10D-4A97-9461-E2E71BBB8554}.Release|x86.Build.0 = Release|Win32
	EndGlobalSection
	GlobalSection(SolutionProperties) = preSolution
		HideSolutionNode = FALSE
	EndGlobalSection
	GlobalSection(ExtensibilityGlobals) = postSolution
		SolutionGuid = {E8CA7D26-CFAD-4E40-8928-CB9617BC85D9}
	EndGlobalSection
EndGlobal
